
Microsoft Visual Studio Solution File, Format Version 12.00
# Visual Studio Version 17
VisualStudioVersion = 17.4.33103.184
MinimumVisualStudioVersion = 10.0.40219.1
Project("{FAE04EC0-301F-11D3-BF4B-00C04F79EFBC}") = "Exp bot", "Exp bot.csproj", "{5FD08C95-5C45-488E-80AE-8B55EB69B2A4}"
EndProject
Global
	GlobalSection(SolutionConfigurationPlatforms) = preSolution
		Debug|Any CPU = Debug|Any CPU
		Release|Any CPU = Release|Any CPU
	EndGlobalSection
	GlobalSection(ProjectConfigurationPlatforms) = postSolution
		{5FD08C95-5C45-488E-80AE-8B55EB69B2A4}.Debug|Any CPU.ActiveCfg = Debug|Any CPU
		{5FD08C95-5C45-488E-80AE-8B55EB69B2A4}.Debug|Any CPU.Build.0 = Debug|Any CPU
		{5FD08C95-5C45-488E-80AE-8B55EB69B2A4}.Release|Any CPU.ActiveCfg = Release|Any CPU
		{5FD08C95-5C45-488E-80AE-8B55EB69B2A4}.Release|Any CPU.Build.0 = Release|Any CPU
	EndGlobalSection
	GlobalSection(SolutionProperties) = preSolution
		HideSolutionNode = FALSE
	EndGlobalSection
	GlobalSection(ExtensibilityGlobals) = postSolution
		SolutionGuid = {4992D174-1D71-49FA-8FA6-D2B3F32CF76A}
	EndGlobalSection
EndGlobal
