
Microsoft Visual Studio Solution File, Format Version 12.00
# Visual Studio Version 17
VisualStudioVersion = 17.4.33103.184
MinimumVisualStudioVersion = 10.0.40219.1
Project("{FAE04EC0-301F-11D3-BF4B-00C04F79EFBC}") = "WebAuto", "WebAuto.csproj", "{6E4742E5-C154-474F-9C8F-D1C30810B5D1}"
EndProject
Global
	GlobalSection(SolutionConfigurationPlatforms) = preSolution
		Debug|Any CPU = Debug|Any CPU
		Release|Any CPU = Release|Any CPU
	EndGlobalSection
	GlobalSection(ProjectConfigurationPlatforms) = postSolution
		{6E4742E5-C154-474F-9C8F-D1C30810B5D1}.Debug|Any CPU.ActiveCfg = Debug|Any CPU
		{6E4742E5-C154-474F-9C8F-D1C30810B5D1}.Debug|Any CPU.Build.0 = Debug|Any CPU
		{6E4742E5-C154-474F-9C8F-D1C30810B5D1}.Release|Any CPU.ActiveCfg = Release|Any CPU
		{6E4742E5-C154-474F-9C8F-D1C30810B5D1}.Release|Any CPU.Build.0 = Release|Any CPU
	EndGlobalSection
	GlobalSection(SolutionProperties) = preSolution
		HideSolutionNode = FALSE
	EndGlobalSection
	GlobalSection(ExtensibilityGlobals) = postSolution
		SolutionGuid = {4E044622-F9D7-4918-A1B9-D2FBA3034145}
	EndGlobalSection
EndGlobal
